
Microsoft Visual Studio Solution File, Format Version 12.00
Project("{FAE04EC0-301F-11D3-BF4B-00C04F79EFBC}") = "Cricket", "Cricket\Cricket.csproj", "{26FEBB1B-DB40-497B-8655-603FFC6BCB06}"
EndProject
Project("{FAE04EC0-301F-11D3-BF4B-00C04F79EFBC}") = "Cricket.Tests", "Cricket.Tests\Cricket.Tests.csproj", "{47F25871-7FA5-428F-9089-815E7A0E0691}"
EndProject
Global
	GlobalSection(SolutionConfigurationPlatforms) = preSolution
		Debug|Any CPU = Debug|Any CPU
		Release|Any CPU = Release|Any CPU
	EndGlobalSection
	GlobalSection(ProjectConfigurationPlatforms) = postSolution
		{26FEBB1B-DB40-497B-8655-603FFC6BCB06}.Debug|Any CPU.ActiveCfg = Debug|Any CPU
		{26FEBB1B-DB40-497B-8655-603FFC6BCB06}.Debug|Any CPU.Build.0 = Debug|Any CPU
		{26FEBB1B-DB40-497B-8655-603FFC6BCB06}.Release|Any CPU.ActiveCfg = Release|Any CPU
		{26FEBB1B-DB40-497B-8655-603FFC6BCB06}.Release|Any CPU.Build.0 = Release|Any CPU
		{47F25871-7FA5-428F-9089-815E7A0E0691}.Debug|Any CPU.ActiveCfg = Debug|Any CPU
		{47F25871-7FA5-428F-9089-815E7A0E0691}.Debug|Any CPU.Build.0 = Debug|Any CPU
		{47F25871-7FA5-428F-9089-815E7A0E0691}.Release|Any CPU.ActiveCfg = Release|Any CPU
		{47F25871-7FA5-428F-9089-815E7A0E0691}.Release|Any CPU.Build.0 = Release|Any CPU
	EndGlobalSection
EndGlobal
