
Microsoft Visual Studio Solution File, Format Version 12.00
Project("{FAE04EC0-301F-11D3-BF4B-00C04F79EFBC}") = "Cricket", "Cricket\Cricket.csproj", "{26FEBB1B-DB40-497B-8655-603FFC6BCB06}"
EndProject
Project("{FAE04EC0-301F-11D3-BF4B-00C04F79EFBC}") = "CricketTest", "CricketTest\CricketTest.csproj", "{417218D2-9614-4236-830E-6DD09B59EF41}"
EndProject
Global
	GlobalSection(SolutionConfigurationPlatforms) = preSolution
		Debug|Any CPU = Debug|Any CPU
		Release|Any CPU = Release|Any CPU
	EndGlobalSection
	GlobalSection(ProjectConfigurationPlatforms) = postSolution
		{26FEBB1B-DB40-497B-8655-603FFC6BCB06}.Debug|Any CPU.ActiveCfg = Debug|Any CPU
		{26FEBB1B-DB40-497B-8655-603FFC6BCB06}.Debug|Any CPU.Build.0 = Debug|Any CPU
		{26FEBB1B-DB40-497B-8655-603FFC6BCB06}.Release|Any CPU.ActiveCfg = Release|Any CPU
		{26FEBB1B-DB40-497B-8655-603FFC6BCB06}.Release|Any CPU.Build.0 = Release|Any CPU
		{417218D2-9614-4236-830E-6DD09B59EF41}.Debug|Any CPU.ActiveCfg = Debug|Any CPU
		{417218D2-9614-4236-830E-6DD09B59EF41}.Debug|Any CPU.Build.0 = Debug|Any CPU
		{417218D2-9614-4236-830E-6DD09B59EF41}.Release|Any CPU.ActiveCfg = Release|Any CPU
		{417218D2-9614-4236-830E-6DD09B59EF41}.Release|Any CPU.Build.0 = Release|Any CPU
	EndGlobalSection
EndGlobal
